// !$*UTF8*$!
{
	archiveVersion = 1;
	classes = {
	};
	objectVersion = 77;
	objects = {

/* Begin PBXContainerItemProxy section */
		295A6C802D353B200034F38A /* PBXContainerItemProxy */ = {
			isa = PBXContainerItemProxy;
			containerPortal = 295A6C652D353B1F0034F38A /* Project object */;
			proxyType = 1;
			remoteGlobalIDString = 295A6C6C2D353B1F0034F38A;
			remoteInfo = ScaleStateApp;
		};
		295A6C8A2D353B200034F38A /* PBXContainerItemProxy */ = {
			isa = PBXContainerItemProxy;
			containerPortal = 295A6C652D353B1F0034F38A /* Project object */;
			proxyType = 1;
			remoteGlobalIDString = 295A6C6C2D353B1F0034F38A;
			remoteInfo = ScaleStateApp;
		};
/* End PBXContainerItemProxy section */

/* Begin PBXFileReference section */
		295A6C6D2D353B1F0034F38A /* ScaleStateApp.app */ = {isa = PBXFileReference; explicitFileType = wrapper.application; includeInIndex = 0; path = ScaleStateApp.app; sourceTree = BUILT_PRODUCTS_DIR; };
		295A6C7F2D353B200034F38A /* ScaleStateAppTests.xctest */ = {isa = PBXFileReference; explicitFileType = wrapper.cfbundle; includeInIndex = 0; path = ScaleStateAppTests.xctest; sourceTree = BUILT_PRODUCTS_DIR; };
		295A6C892D353B200034F38A /* ScaleStateAppUITests.xctest */ = {isa = PBXFileReference; explicitFileType = wrapper.cfbundle; includeInIndex = 0; path = ScaleStateAppUITests.xctest; sourceTree = BUILT_PRODUCTS_DIR; };
/* End PBXFileReference section */

/* Begin PBXFileSystemSynchronizedRootGroup section */
		295A6C6F2D353B1F0034F38A /* ScaleStateApp */ = {
			isa = PBXFileSystemSynchronizedRootGroup;
			path = ScaleStateApp;
			sourceTree = "<group>";
		};
		295A6C822D353B200034F38A /* ScaleStateAppTests */ = {
			isa = PBXFileSystemSynchronizedRootGroup;
			path = ScaleStateAppTests;
			sourceTree = "<group>";
		};
		295A6C8C2D353B200034F38A /* ScaleStateAppUITests */ = {
			isa = PBXFileSystemSynchronizedRootGroup;
			path = ScaleStateAppUITests;
			sourceTree = "<group>";
		};
/* End PBXFileSystemSynchronizedRootGroup section */

/* Begin PBXFrameworksBuildPhase section */
		295A6C6A2D353B1F0034F38A /* Frameworks */ = {
			isa = PBXFrameworksBuildPhase;
			buildActionMask = 2147483647;
			files = (
			);
			runOnlyForDeploymentPostprocessing = 0;
		};
		295A6C7C2D353B200034F38A /* Frameworks */ = {
			isa = PBXFrameworksBuildPhase;
			buildActionMask = 2147483647;
			files = (
			);
			runOnlyForDeploymentPostprocessing = 0;
		};
		295A6C862D353B200034F38A /* Frameworks */ = {
			isa = PBXFrameworksBuildPhase;
			buildActionMask = 2147483647;
			files = (
			);
			runOnlyForDeploymentPostprocessing = 0;
		};
/* End PBXFrameworksBuildPhase section */

/* Begin PBXGroup section */
		295A6C642D353B1F0034F38A = {
			isa = PBXGroup;
			children = (
				295A6C6F2D353B1F0034F38A /* ScaleStateApp */,
				295A6C822D353B200034F38A /* ScaleStateAppTests */,
				295A6C8C2D353B200034F38A /* ScaleStateAppUITests */,
				295A6C6E2D353B1F0034F38A /* Products */,
			);
			sourceTree = "<group>";
		};
		295A6C6E2D353B1F0034F38A /* Products */ = {
			isa = PBXGroup;
			children = (
				295A6C6D2D353B1F0034F38A /* ScaleStateApp.app */,
				295A6C7F2D353B200034F38A /* ScaleStateAppTests.xctest */,
				295A6C892D353B200034F38A /* ScaleStateAppUITests.xctest */,
			);
			name = Products;
			sourceTree = "<group>";
		};
/* End PBXGroup section */

/* Begin PBXNativeTarget section */
		295A6C6C2D353B1F0034F38A /* ScaleStateApp */ = {
			isa = PBXNativeTarget;
			buildConfigurationList = 295A6C932D353B200034F38A /* Build configuration list for PBXNativeTarget "ScaleStateApp" */;
			buildPhases = (
				295A6C692D353B1F0034F38A /* Sources */,
				295A6C6A2D353B1F0034F38A /* Frameworks */,
				295A6C6B2D353B1F0034F38A /* Resources */,
			);
			buildRules = (
			);
			dependencies = (
			);
			fileSystemSynchronizedGroups = (
				295A6C6F2D353B1F0034F38A /* ScaleStateApp */,
			);
			name = ScaleStateApp;
			packageProductDependencies = (
			);
			productName = ScaleStateApp;
			productReference = 295A6C6D2D353B1F0034F38A /* ScaleStateApp.app */;
			productType = "com.apple.product-type.application";
		};
		295A6C7E2D353B200034F38A /* ScaleStateAppTests */ = {
			isa = PBXNativeTarget;
			buildConfigurationList = 295A6C962D353B200034F38A /* Build configuration list for PBXNativeTarget "ScaleStateAppTests" */;
			buildPhases = (
				295A6C7B2D353B200034F38A /* Sources */,
				295A6C7C2D353B200034F38A /* Frameworks */,
				295A6C7D2D353B200034F38A /* Resources */,
			);
			buildRules = (
			);
			dependencies = (
				295A6C812D353B200034F38A /* PBXTargetDependency */,
			);
			fileSystemSynchronizedGroups = (
				295A6C822D353B200034F38A /* ScaleStateAppTests */,
			);
			name = ScaleStateAppTests;
			packageProductDependencies = (
			);
			productName = ScaleStateAppTests;
			productReference = 295A6C7F2D353B200034F38A /* ScaleStateAppTests.xctest */;
			productType = "com.apple.product-type.bundle.unit-test";
		};
		295A6C882D353B200034F38A /* ScaleStateAppUITests */ = {
			isa = PBXNativeTarget;
			buildConfigurationList = 295A6C992D353B200034F38A /* Build configuration list for PBXNativeTarget "ScaleStateAppUITests" */;
			buildPhases = (
				295A6C852D353B200034F38A /* Sources */,
				295A6C862D353B200034F38A /* Frameworks */,
				295A6C872D353B200034F38A /* Resources */,
			);
			buildRules = (
			);
			dependencies = (
				295A6C8B2D353B200034F38A /* PBXTargetDependency */,
			);
			fileSystemSynchronizedGroups = (
				295A6C8C2D353B200034F38A /* ScaleStateAppUITests */,
			);
			name = ScaleStateAppUITests;
			packageProductDependencies = (
			);
			productName = ScaleStateAppUITests;
			productReference = 295A6C892D353B200034F38A /* ScaleStateAppUITests.xctest */;
			productType = "com.apple.product-type.bundle.ui-testing";
		};
/* End PBXNativeTarget section */

/* Begin PBXProject section */
		295A6C652D353B1F0034F38A /* Project object */ = {
			isa = PBXProject;
			attributes = {
				BuildIndependentTargetsInParallel = 1;
				LastSwiftUpdateCheck = 1620;
				LastUpgradeCheck = 1620;
				TargetAttributes = {
					295A6C6C2D353B1F0034F38A = {
						CreatedOnToolsVersion = 16.2;
					};
					295A6C7E2D353B200034F38A = {
						CreatedOnToolsVersion = 16.2;
						TestTargetID = 295A6C6C2D353B1F0034F38A;
					};
					295A6C882D353B200034F38A = {
						CreatedOnToolsVersion = 16.2;
						TestTargetID = 295A6C6C2D353B1F0034F38A;
					};
				};
			};
			buildConfigurationList = 295A6C682D353B1F0034F38A /* Build configuration list for PBXProject "ScaleStateApp" */;
			developmentRegion = en;
			hasScannedForEncodings = 0;
			knownRegions = (
				en,
				Base,
			);
			mainGroup = 295A6C642D353B1F0034F38A;
			minimizedProjectReferenceProxies = 1;
			preferredProjectObjectVersion = 77;
			productRefGroup = 295A6C6E2D353B1F0034F38A /* Products */;
			projectDirPath = "";
			projectRoot = "";
			targets = (
				295A6C6C2D353B1F0034F38A /* ScaleStateApp */,
				295A6C7E2D353B200034F38A /* ScaleStateAppTests */,
				295A6C882D353B200034F38A /* ScaleStateAppUITests */,
			);
		};
/* End PBXProject section */

/* Begin PBXResourcesBuildPhase section */
		295A6C6B2D353B1F0034F38A /* Resources */ = {
			isa = PBXResourcesBuildPhase;
			buildActionMask = 2147483647;
			files = (
			);
			runOnlyForDeploymentPostprocessing = 0;
		};
		295A6C7D2D353B200034F38A /* Resources */ = {
			isa = PBXResourcesBuildPhase;
			buildActionMask = 2147483647;
			files = (
			);
			runOnlyForDeploymentPostprocessing = 0;
		};
		295A6C872D353B200034F38A /* Resources */ = {
			isa = PBXResourcesBuildPhase;
			buildActionMask = 2147483647;
			files = (
			);
			runOnlyForDeploymentPostprocessing = 0;
		};
/* End PBXResourcesBuildPhase section */

/* Begin PBXSourcesBuildPhase section */
		295A6C692D353B1F0034F38A /* Sources */ = {
			isa = PBXSourcesBuildPhase;
			buildActionMask = 2147483647;
			files = (
			);
			runOnlyForDeploymentPostprocessing = 0;
		};
		295A6C7B2D353B200034F38A /* Sources */ = {
			isa = PBXSourcesBuildPhase;
			buildActionMask = 2147483647;
			files = (
			);
			runOnlyForDeploymentPostprocessing = 0;
		};
		295A6C852D353B200034F38A /* Sources */ = {
			isa = PBXSourcesBuildPhase;
			buildActionMask = 2147483647;
			files = (
			);
			runOnlyForDeploymentPostprocessing = 0;
		};
/* End PBXSourcesBuildPhase section */

/* Begin PBXTargetDependency section */
		295A6C812D353B200034F38A /* PBXTargetDependency */ = {
			isa = PBXTargetDependency;
			target = 295A6C6C2D353B1F0034F38A /* ScaleStateApp */;
			targetProxy = 295A6C802D353B200034F38A /* PBXContainerItemProxy */;
		};
		295A6C8B2D353B200034F38A /* PBXTargetDependency */ = {
			isa = PBXTargetDependency;
			target = 295A6C6C2D353B1F0034F38A /* ScaleStateApp */;
			targetProxy = 295A6C8A2D353B200034F38A /* PBXContainerItemProxy */;
		};
/* End PBXTargetDependency section */

/* Begin XCBuildConfiguration section */
		295A6C912D353B200034F38A /* Debug */ = {
			isa = XCBuildConfiguration;
			buildSettings = {
				ALWAYS_SEARCH_USER_PATHS = NO;
				ASSETCATALOG_COMPILER_GENERATE_SWIFT_ASSET_SYMBOL_EXTENSIONS = YES;
				CLANG_ANALYZER_NONNULL = YES;
				CLANG_ANALYZER_NUMBER_OBJECT_CONVERSION = YES_AGGRESSIVE;
				CLANG_CXX_LANGUAGE_STANDARD = "gnu++20";
				CLANG_ENABLE_MODULES = YES;
				CLANG_ENABLE_OBJC_ARC = YES;
				CLANG_ENABLE_OBJC_WEAK = YES;
				CLANG_WARN_BLOCK_CAPTURE_AUTORELEASING = YES;
				CLANG_WARN_BOOL_CONVERSION = YES;
				CLANG_WARN_COMMA = YES;
				CLANG_WARN_CONSTANT_CONVERSION = YES;
				CLANG_WARN_DEPRECATED_OBJC_IMPLEMENTATIONS = YES;
				CLANG_WARN_DIRECT_OBJC_ISA_USAGE = YES_ERROR;
				CLANG_WARN_DOCUMENTATION_COMMENTS = YES;
				CLANG_WARN_EMPTY_BODY = YES;
				CLANG_WARN_ENUM_CONVERSION = YES;
				CLANG_WARN_INFINITE_RECURSION = YES;
				CLANG_WARN_INT_CONVERSION = YES;
				CLANG_WARN_NON_LITERAL_NULL_CONVERSION = YES;
				CLANG_WARN_OBJC_IMPLICIT_RETAIN_SELF = YES;
				CLANG_WARN_OBJC_LITERAL_CONVERSION = YES;
				CLANG_WARN_OBJC_ROOT_CLASS = YES_ERROR;
				CLANG_WARN_QUOTED_INCLUDE_IN_FRAMEWORK_HEADER = YES;
				CLANG_WARN_RANGE_LOOP_ANALYSIS = YES;
				CLANG_WARN_STRICT_PROTOTYPES = YES;
				CLANG_WARN_SUSPICIOUS_MOVE = YES;
				CLANG_WARN_UNGUARDED_AVAILABILITY = YES_AGGRESSIVE;
				CLANG_WARN_UNREACHABLE_CODE = YES;
				CLANG_WARN__DUPLICATE_METHOD_MATCH = YES;
				COPY_PHASE_STRIP = NO;
				DEBUG_INFORMATION_FORMAT = dwarf;
				ENABLE_STRICT_OBJC_MSGSEND = YES;
				ENABLE_TESTABILITY = YES;
				ENABLE_USER_SCRIPT_SANDBOXING = YES;
				GCC_C_LANGUAGE_STANDARD = gnu17;
				GCC_DYNAMIC_NO_PIC = NO;
				GCC_NO_COMMON_BLOCKS = YES;
				GCC_OPTIMIZATION_LEVEL = 0;
				GCC_PREPROCESSOR_DEFINITIONS = (
					"DEBUG=1",
					"$(inherited)",
				);
				GCC_WARN_64_TO_32_BIT_CONVERSION = YES;
				GCC_WARN_ABOUT_RETURN_TYPE = YES_ERROR;
				GCC_WARN_UNDECLARED_SELECTOR = YES;
				GCC_WARN_UNINITIALIZED_AUTOS = YES_AGGRESSIVE;
				GCC_WARN_UNUSED_FUNCTION = YES;
				GCC_WARN_UNUSED_VARIABLE = YES;
				IPHONEOS_DEPLOYMENT_TARGET = 18.2;
				LOCALIZATION_PREFERS_STRING_CATALOGS = YES;
				MTL_ENABLE_DEBUG_INFO = INCLUDE_SOURCE;
				MTL_FAST_MATH = YES;
				ONLY_ACTIVE_ARCH = YES;
				SDKROOT = iphoneos;
				SWIFT_ACTIVE_COMPILATION_CONDITIONS = "DEBUG $(inherited)";
				SWIFT_APPROACHABLE_CONCURRENCY = YES;
				SWIFT_DEFAULT_ACTOR_ISOLATION = MainActor;
				SWIFT_OPTIMIZATION_LEVEL = "-Onone";
				SWIFT_VERSION = 6.0;
			};
			name = Debug;
		};
		295A6C922D353B200034F38A /* Release */ = {
			isa = XCBuildConfiguration;
			buildSettings = {
				ALWAYS_SEARCH_USER_PATHS = NO;
				ASSETCATALOG_COMPILER_GENERATE_SWIFT_ASSET_SYMBOL_EXTENSIONS = YES;
				CLANG_ANALYZER_NONNULL = YES;
				CLANG_ANALYZER_NUMBER_OBJECT_CONVERSION = YES_AGGRESSIVE;
				CLANG_CXX_LANGUAGE_STANDARD = "gnu++20";
				CLANG_ENABLE_MODULES = YES;
				CLANG_ENABLE_OBJC_ARC = YES;
				CLANG_ENABLE_OBJC_WEAK = YES;
				CLANG_WARN_BLOCK_CAPTURE_AUTORELEASING = YES;
				CLANG_WARN_BOOL_CONVERSION = YES;
				CLANG_WARN_COMMA = YES;
				CLANG_WARN_CONSTANT_CONVERSION = YES;
				CLANG_WARN_DEPRECATED_OBJC_IMPLEMENTATIONS = YES;
				CLANG_WARN_DIRECT_OBJC_ISA_USAGE = YES_ERROR;
				CLANG_WARN_DOCUMENTATION_COMMENTS = YES;
				CLANG_WARN_EMPTY_BODY = YES;
				CLANG_WARN_ENUM_CONVERSION = YES;
				CLANG_WARN_INFINITE_RECURSION = YES;
				CLANG_WARN_INT_CONVERSION = YES;
				CLANG_WARN_NON_LITERAL_NULL_CONVERSION = YES;
				CLANG_WARN_OBJC_IMPLICIT_RETAIN_SELF = YES;
				CLANG_WARN_OBJC_LITERAL_CONVERSION = YES;
				CLANG_WARN_OBJC_ROOT_CLASS = YES_ERROR;
				CLANG_WARN_QUOTED_INCLUDE_IN_FRAMEWORK_HEADER = YES;
				CLANG_WARN_RANGE_LOOP_ANALYSIS = YES;
				CLANG_WARN_STRICT_PROTOTYPES = YES;
				CLANG_WARN_SUSPICIOUS_MOVE = YES;
				CLANG_WARN_UNGUARDED_AVAILABILITY = YES_AGGRESSIVE;
				CLANG_WARN_UNREACHABLE_CODE = YES;
				CLANG_WARN__DUPLICATE_METHOD_MATCH = YES;
				COPY_PHASE_STRIP = NO;
				DEBUG_INFORMATION_FORMAT = "dwarf-with-dsym";
				ENABLE_NS_ASSERTIONS = NO;
				ENABLE_STRICT_OBJC_MSGSEND = YES;
				ENABLE_USER_SCRIPT_SANDBOXING = YES;
				GCC_C_LANGUAGE_STANDARD = gnu17;
				GCC_NO_COMMON_BLOCKS = YES;
				GCC_WARN_64_TO_32_BIT_CONVERSION = YES;
				GCC_WARN_ABOUT_RETURN_TYPE = YES_ERROR;
				GCC_WARN_UNDECLARED_SELECTOR = YES;
				GCC_WARN_UNINITIALIZED_AUTOS = YES_AGGRESSIVE;
				GCC_WARN_UNUSED_FUNCTION = YES;
				GCC_WARN_UNUSED_VARIABLE = YES;
				IPHONEOS_DEPLOYMENT_TARGET = 18.2;
				LOCALIZATION_PREFERS_STRING_CATALOGS = YES;
				MTL_ENABLE_DEBUG_INFO = NO;
				MTL_FAST_MATH = YES;
				SDKROOT = iphoneos;
				SWIFT_APPROACHABLE_CONCURRENCY = YES;
				SWIFT_COMPILATION_MODE = wholemodule;
				SWIFT_DEFAULT_ACTOR_ISOLATION = MainActor;
				SWIFT_VERSION = 6.0;
				VALIDATE_PRODUCT = YES;
			};
			name = Release;
		};
		295A6C942D353B200034F38A /* Debug */ = {
			isa = XCBuildConfiguration;
			buildSettings = {
				ASSETCATALOG_COMPILER_APPICON_NAME = AppIcon;
				ASSETCATALOG_COMPILER_GLOBAL_ACCENT_COLOR_NAME = AccentColor;
				CODE_SIGN_STYLE = Automatic;
				CURRENT_PROJECT_VERSION = 1;
				DEVELOPMENT_ASSET_PATHS = "\"ScaleStateApp/Preview Content\"";
				DEVELOPMENT_TEAM = GSCC496WWN;
				ENABLE_PREVIEWS = YES;
				GENERATE_INFOPLIST_FILE = YES;
				INFOPLIST_KEY_UIApplicationSceneManifest_Generation = YES;
				INFOPLIST_KEY_UIApplicationSupportsIndirectInputEvents = YES;
				INFOPLIST_KEY_UILaunchScreen_Generation = YES;
				INFOPLIST_KEY_UISupportedInterfaceOrientations_iPad = "UIInterfaceOrientationPortrait UIInterfaceOrientationPortraitUpsideDown UIInterfaceOrientationLandscapeLeft UIInterfaceOrientationLandscapeRight";
				INFOPLIST_KEY_UISupportedInterfaceOrientations_iPhone = "UIInterfaceOrientationPortrait UIInterfaceOrientationLandscapeLeft UIInterfaceOrientationLandscapeRight";
				LD_RUNPATH_SEARCH_PATHS = (
					"$(inherited)",
					"@executable_path/Frameworks",
				);
				MARKETING_VERSION = 1.0;
				PRODUCT_BUNDLE_IDENTIFIER = com.musdevpro.ScaleStateApp;
				PRODUCT_NAME = "$(TARGET_NAME)";
				SWIFT_EMIT_LOC_STRINGS = YES;
				SWIFT_VERSION = 6.0;
				TARGETED_DEVICE_FAMILY = "1,2";
			};
			name = Debug;
		};
		295A6C952D353B200034F38A /* Release */ = {
			isa = XCBuildConfiguration;
			buildSettings = {
				ASSETCATALOG_COMPILER_APPICON_NAME = AppIcon;
				ASSETCATALOG_COMPILER_GLOBAL_ACCENT_COLOR_NAME = AccentColor;
				CODE_SIGN_STYLE = Automatic;
				CURRENT_PROJECT_VERSION = 1;
				DEVELOPMENT_ASSET_PATHS = "\"ScaleStateApp/Preview Content\"";
				DEVELOPMENT_TEAM = GSCC496WWN;
				ENABLE_PREVIEWS = YES;
				GENERATE_INFOPLIST_FILE = YES;
				INFOPLIST_KEY_UIApplicationSceneManifest_Generation = YES;
				INFOPLIST_KEY_UIApplicationSupportsIndirectInputEvents = YES;
				INFOPLIST_KEY_UILaunchScreen_Generation = YES;
				INFOPLIST_KEY_UISupportedInterfaceOrientations_iPad = "UIInterfaceOrientationPortrait UIInterfaceOrientationPortraitUpsideDown UIInterfaceOrientationLandscapeLeft UIInterfaceOrientationLandscapeRight";
				INFOPLIST_KEY_UISupportedInterfaceOrientations_iPhone = "UIInterfaceOrientationPortrait UIInterfaceOrientationLandscapeLeft UIInterfaceOrientationLandscapeRight";
				LD_RUNPATH_SEARCH_PATHS = (
					"$(inherited)",
					"@executable_path/Frameworks",
				);
				MARKETING_VERSION = 1.0;
				PRODUCT_BUNDLE_IDENTIFIER = com.musdevpro.ScaleStateApp;
				PRODUCT_NAME = "$(TARGET_NAME)";
				SWIFT_EMIT_LOC_STRINGS = YES;
				SWIFT_VERSION = 6.0;
				TARGETED_DEVICE_FAMILY = "1,2";
			};
			name = Release;
		};
		295A6C972D353B200034F38A /* Debug */ = {
			isa = XCBuildConfiguration;
			buildSettings = {
				BUNDLE_LOADER = "$(TEST_HOST)";
				CODE_SIGN_STYLE = Automatic;
				CURRENT_PROJECT_VERSION = 1;
				DEVELOPMENT_TEAM = GSCC496WWN;
				GENERATE_INFOPLIST_FILE = YES;
				IPHONEOS_DEPLOYMENT_TARGET = 18.2;
				MARKETING_VERSION = 1.0;
				PRODUCT_BUNDLE_IDENTIFIER = com.musdevpro.ScaleStateAppTests;
				PRODUCT_NAME = "$(TARGET_NAME)";
				SWIFT_EMIT_LOC_STRINGS = NO;
				SWIFT_VERSION = 6.0;
				TARGETED_DEVICE_FAMILY = "1,2";
				TEST_HOST = "$(BUILT_PRODUCTS_DIR)/ScaleStateApp.app/$(BUNDLE_EXECUTABLE_FOLDER_PATH)/ScaleStateApp";
			};
			name = Debug;
		};
		295A6C982D353B200034F38A /* Release */ = {
			isa = XCBuildConfiguration;
			buildSettings = {
				BUNDLE_LOADER = "$(TEST_HOST)";
				CODE_SIGN_STYLE = Automatic;
				CURRENT_PROJECT_VERSION = 1;
				DEVELOPMENT_TEAM = GSCC496WWN;
				GENERATE_INFOPLIST_FILE = YES;
				IPHONEOS_DEPLOYMENT_TARGET = 18.2;
				MARKETING_VERSION = 1.0;
				PRODUCT_BUNDLE_IDENTIFIER = com.musdevpro.ScaleStateAppTests;
				PRODUCT_NAME = "$(TARGET_NAME)";
				SWIFT_EMIT_LOC_STRINGS = NO;
				SWIFT_VERSION = 6.0;
				TARGETED_DEVICE_FAMILY = "1,2";
				TEST_HOST = "$(BUILT_PRODUCTS_DIR)/ScaleStateApp.app/$(BUNDLE_EXECUTABLE_FOLDER_PATH)/ScaleStateApp";
			};
			name = Release;
		};
		295A6C9A2D353B200034F38A /* Debug */ = {
			isa = XCBuildConfiguration;
			buildSettings = {
				CODE_SIGN_STYLE = Automatic;
				CURRENT_PROJECT_VERSION = 1;
				DEVELOPMENT_TEAM = GSCC496WWN;
				GENERATE_INFOPLIST_FILE = YES;
				MARKETING_VERSION = 1.0;
				PRODUCT_BUNDLE_IDENTIFIER = com.musdevpro.ScaleStateAppUITests;
				PRODUCT_NAME = "$(TARGET_NAME)";
				SWIFT_EMIT_LOC_STRINGS = NO;
				SWIFT_VERSION = 6.0;
				TARGETED_DEVICE_FAMILY = "1,2";
				TEST_TARGET_NAME = ScaleStateApp;
			};
			name = Debug;
		};
		295A6C9B2D353B200034F38A /* Release */ = {
			isa = XCBuildConfiguration;
			buildSettings = {
				CODE_SIGN_STYLE = Automatic;
				CURRENT_PROJECT_VERSION = 1;
				DEVELOPMENT_TEAM = GSCC496WWN;
				GENERATE_INFOPLIST_FILE = YES;
				MARKETING_VERSION = 1.0;
				PRODUCT_BUNDLE_IDENTIFIER = com.musdevpro.ScaleStateAppUITests;
				PRODUCT_NAME = "$(TARGET_NAME)";
				SWIFT_EMIT_LOC_STRINGS = NO;
				SWIFT_VERSION = 6.0;
				TARGETED_DEVICE_FAMILY = "1,2";
				TEST_TARGET_NAME = ScaleStateApp;
			};
			name = Release;
		};
/* End XCBuildConfiguration section */

/* Begin XCConfigurationList section */
		295A6C682D353B1F0034F38A /* Build configuration list for PBXProject "ScaleStateApp" */ = {
			isa = XCConfigurationList;
			buildConfigurations = (
				295A6C912D353B200034F38A /* Debug */,
				295A6C922D353B200034F38A /* Release */,
			);
			defaultConfigurationIsVisible = 0;
			defaultConfigurationName = Release;
		};
		295A6C932D353B200034F38A /* Build configuration list for PBXNativeTarget "ScaleStateApp" */ = {
			isa = XCConfigurationList;
			buildConfigurations = (
				295A6C942D353B200034F38A /* Debug */,
				295A6C952D353B200034F38A /* Release */,
			);
			defaultConfigurationIsVisible = 0;
			defaultConfigurationName = Release;
		};
		295A6C962D353B200034F38A /* Build configuration list for PBXNativeTarget "ScaleStateAppTests" */ = {
			isa = XCConfigurationList;
			buildConfigurations = (
				295A6C972D353B200034F38A /* Debug */,
				295A6C982D353B200034F38A /* Release */,
			);
			defaultConfigurationIsVisible = 0;
			defaultConfigurationName = Release;
		};
		295A6C992D353B200034F38A /* Build configuration list for PBXNativeTarget "ScaleStateAppUITests" */ = {
			isa = XCConfigurationList;
			buildConfigurations = (
				295A6C9A2D353B200034F38A /* Debug */,
				295A6C9B2D353B200034F38A /* Release */,
			);
			defaultConfigurationIsVisible = 0;
			defaultConfigurationName = Release;
		};
/* End XCConfigurationList section */
	};
	rootObject = 295A6C652D353B1F0034F38A /* Project object */;
}
